
Microsoft Visual Studio Solution File, Format Version 12.00
# Visual Studio Version 16
VisualStudioVersion = 16.0.31702.278
MinimumVisualStudioVersion = 10.0.40219.1
Project("{FAE04EC0-301F-11D3-BF4B-00C04F79EFBC}") = "Örnek8", "Örnek8\Örnek8.csproj", "{9560A8C4-05EB-4867-BF89-F9518A2ACED4}"
EndProject
Global
	GlobalSection(SolutionConfigurationPlatforms) = preSolution
		Debug|Any CPU = Debug|Any CPU
		Release|Any CPU = Release|Any CPU
	EndGlobalSection
	GlobalSection(ProjectConfigurationPlatforms) = postSolution
		{9560A8C4-05EB-4867-BF89-F9518A2ACED4}.Debug|Any CPU.ActiveCfg = Debug|Any CPU
		{9560A8C4-05EB-4867-BF89-F9518A2ACED4}.Debug|Any CPU.Build.0 = Debug|Any CPU
		{9560A8C4-05EB-4867-BF89-F9518A2ACED4}.Release|Any CPU.ActiveCfg = Release|Any CPU
		{9560A8C4-05EB-4867-BF89-F9518A2ACED4}.Release|Any CPU.Build.0 = Release|Any CPU
	EndGlobalSection
	GlobalSection(SolutionProperties) = preSolution
		HideSolutionNode = FALSE
	EndGlobalSection
	GlobalSection(ExtensibilityGlobals) = postSolution
		SolutionGuid = {D6D64CB5-A70A-45D3-8834-4DB0F888623B}
	EndGlobalSection
EndGlobal
